# This file is automatically @generated by Cargo.
# It is not intended for manual editing.
[[package]]
name = "aho-corasick"
version = "0.7.6"
source = "registry+https://github.com/rust-lang/crates.io-index"
dependencies = [
 "memchr 2.2.1 (registry+https://github.com/rust-lang/crates.io-index)",
]

[[package]]
name = "atty"
version = "0.2.13"
source = "registry+https://github.com/rust-lang/crates.io-index"
dependencies = [
 "libc 0.2.62 (registry+https://github.com/rust-lang/crates.io-index)",
 "winapi 0.3.8 (registry+https://github.com/rust-lang/crates.io-index)",
]

[[package]]
name = "base64"
version = "0.10.1"
source = "registry+https://github.com/rust-lang/crates.io-index"
dependencies = [
 "byteorder 1.3.2 (registry+https://github.com/rust-lang/crates.io-index)",
]

[[package]]
name = "bitflags"
version = "1.1.0"
source = "registry+https://github.com/rust-lang/crates.io-index"

[[package]]
name = "byteorder"
version = "1.3.2"
source = "registry+https://github.com/rust-lang/crates.io-index"

[[package]]
name = "cc"
version = "1.0.41"
source = "registry+https://github.com/rust-lang/crates.io-index"

[[package]]
name = "cfg-if"
version = "0.1.9"
source = "registry+https://github.com/rust-lang/crates.io-index"

[[package]]
name = "ctrlc"
version = "3.1.3"
source = "registry+https://github.com/rust-lang/crates.io-index"
dependencies = [
 "nix 0.14.1 (registry+https://github.com/rust-lang/crates.io-index)",
 "winapi 0.3.8 (registry+https://github.com/rust-lang/crates.io-index)",
]

[[package]]
name = "env_logger"
version = "0.6.2"
source = "registry+https://github.com/rust-lang/crates.io-index"
dependencies = [
 "atty 0.2.13 (registry+https://github.com/rust-lang/crates.io-index)",
 "humantime 1.2.0 (registry+https://github.com/rust-lang/crates.io-index)",
 "log 0.4.8 (registry+https://github.com/rust-lang/crates.io-index)",
 "regex 1.2.1 (registry+https://github.com/rust-lang/crates.io-index)",
 "termcolor 1.0.5 (registry+https://github.com/rust-lang/crates.io-index)",
]

[[package]]
name = "fen"
version = "0.1.0"
source = "registry+https://github.com/rust-lang/crates.io-index"

[[package]]
name = "humantime"
version = "1.2.0"
source = "registry+https://github.com/rust-lang/crates.io-index"
dependencies = [
 "quick-error 1.2.2 (registry+https://github.com/rust-lang/crates.io-index)",
]

[[package]]
name = "itoa"
version = "0.4.4"
source = "registry+https://github.com/rust-lang/crates.io-index"

[[package]]
name = "lazy_static"
version = "1.4.0"
source = "registry+https://github.com/rust-lang/crates.io-index"

[[package]]
name = "libc"
version = "0.2.62"
source = "registry+https://github.com/rust-lang/crates.io-index"

[[package]]
name = "log"
version = "0.4.8"
source = "registry+https://github.com/rust-lang/crates.io-index"
dependencies = [
 "cfg-if 0.1.9 (registry+https://github.com/rust-lang/crates.io-index)",
]

[[package]]
name = "memchr"
version = "2.2.1"
source = "registry+https://github.com/rust-lang/crates.io-index"

[[package]]
name = "minreq"
version = "1.4.0"
source = "registry+https://github.com/rust-lang/crates.io-index"
dependencies = [
 "rustls 0.15.2 (registry+https://github.com/rust-lang/crates.io-index)",
 "webpki 0.19.1 (registry+https://github.com/rust-lang/crates.io-index)",
 "webpki-roots 0.16.0 (registry+https://github.com/rust-lang/crates.io-index)",
]

[[package]]
name = "nix"
version = "0.14.1"
source = "registry+https://github.com/rust-lang/crates.io-index"
dependencies = [
 "bitflags 1.1.0 (registry+https://github.com/rust-lang/crates.io-index)",
 "cc 1.0.41 (registry+https://github.com/rust-lang/crates.io-index)",
 "cfg-if 0.1.9 (registry+https://github.com/rust-lang/crates.io-index)",
 "libc 0.2.62 (registry+https://github.com/rust-lang/crates.io-index)",
 "void 1.0.2 (registry+https://github.com/rust-lang/crates.io-index)",
]

[[package]]
name = "proc-macro2"
version = "1.0.2"
source = "registry+https://github.com/rust-lang/crates.io-index"
dependencies = [
 "unicode-xid 0.2.0 (registry+https://github.com/rust-lang/crates.io-index)",
]

[[package]]
name = "quick-error"
version = "1.2.2"
source = "registry+https://github.com/rust-lang/crates.io-index"

[[package]]
name = "quote"
version = "1.0.2"
source = "registry+https://github.com/rust-lang/crates.io-index"
dependencies = [
 "proc-macro2 1.0.2 (registry+https://github.com/rust-lang/crates.io-index)",
]

[[package]]
name = "rbc"
version = "0.1.0"
dependencies = [
 "base64 0.10.1 (registry+https://github.com/rust-lang/crates.io-index)",
 "ctrlc 3.1.3 (registry+https://github.com/rust-lang/crates.io-index)",
 "env_logger 0.6.2 (registry+https://github.com/rust-lang/crates.io-index)",
 "fen 0.1.0 (registry+https://github.com/rust-lang/crates.io-index)",
 "log 0.4.8 (registry+https://github.com/rust-lang/crates.io-index)",
 "minreq 1.4.0 (registry+https://github.com/rust-lang/crates.io-index)",
 "serde 1.0.99 (registry+https://github.com/rust-lang/crates.io-index)",
 "serde_json 1.0.40 (registry+https://github.com/rust-lang/crates.io-index)",
]

[[package]]
name = "regex"
version = "1.2.1"
source = "registry+https://github.com/rust-lang/crates.io-index"
dependencies = [
 "aho-corasick 0.7.6 (registry+https://github.com/rust-lang/crates.io-index)",
 "memchr 2.2.1 (registry+https://github.com/rust-lang/crates.io-index)",
 "regex-syntax 0.6.11 (registry+https://github.com/rust-lang/crates.io-index)",
 "thread_local 0.3.6 (registry+https://github.com/rust-lang/crates.io-index)",
]

[[package]]
name = "regex-syntax"
version = "0.6.11"
source = "registry+https://github.com/rust-lang/crates.io-index"

[[package]]
name = "ring"
version = "0.14.6"
source = "registry+https://github.com/rust-lang/crates.io-index"
dependencies = [
 "cc 1.0.41 (registry+https://github.com/rust-lang/crates.io-index)",
 "lazy_static 1.4.0 (registry+https://github.com/rust-lang/crates.io-index)",
 "libc 0.2.62 (registry+https://github.com/rust-lang/crates.io-index)",
 "spin 0.5.2 (registry+https://github.com/rust-lang/crates.io-index)",
 "untrusted 0.6.2 (registry+https://github.com/rust-lang/crates.io-index)",
 "winapi 0.3.8 (registry+https://github.com/rust-lang/crates.io-index)",
]

[[package]]
name = "rustls"
version = "0.15.2"
source = "registry+https://github.com/rust-lang/crates.io-index"
dependencies = [
 "base64 0.10.1 (registry+https://github.com/rust-lang/crates.io-index)",
 "log 0.4.8 (registry+https://github.com/rust-lang/crates.io-index)",
 "ring 0.14.6 (registry+https://github.com/rust-lang/crates.io-index)",
 "sct 0.5.0 (registry+https://github.com/rust-lang/crates.io-index)",
 "untrusted 0.6.2 (registry+https://github.com/rust-lang/crates.io-index)",
 "webpki 0.19.1 (registry+https://github.com/rust-lang/crates.io-index)",
]

[[package]]
name = "ryu"
version = "1.0.0"
source = "registry+https://github.com/rust-lang/crates.io-index"

[[package]]
name = "sct"
version = "0.5.0"
source = "registry+https://github.com/rust-lang/crates.io-index"
dependencies = [
 "ring 0.14.6 (registry+https://github.com/rust-lang/crates.io-index)",
 "untrusted 0.6.2 (registry+https://github.com/rust-lang/crates.io-index)",
]

[[package]]
name = "serde"
version = "1.0.99"
source = "registry+https://github.com/rust-lang/crates.io-index"
dependencies = [
 "serde_derive 1.0.99 (registry+https://github.com/rust-lang/crates.io-index)",
]

[[package]]
name = "serde_derive"
version = "1.0.99"
source = "registry+https://github.com/rust-lang/crates.io-index"
dependencies = [
 "proc-macro2 1.0.2 (registry+https://github.com/rust-lang/crates.io-index)",
 "quote 1.0.2 (registry+https://github.com/rust-lang/crates.io-index)",
 "syn 1.0.5 (registry+https://github.com/rust-lang/crates.io-index)",
]

[[package]]
name = "serde_json"
version = "1.0.40"
source = "registry+https://github.com/rust-lang/crates.io-index"
dependencies = [
 "itoa 0.4.4 (registry+https://github.com/rust-lang/crates.io-index)",
 "ryu 1.0.0 (registry+https://github.com/rust-lang/crates.io-index)",
 "serde 1.0.99 (registry+https://github.com/rust-lang/crates.io-index)",
]

[[package]]
name = "spin"
version = "0.5.2"
source = "registry+https://github.com/rust-lang/crates.io-index"

[[package]]
name = "syn"
version = "1.0.5"
source = "registry+https://github.com/rust-lang/crates.io-index"
dependencies = [
 "proc-macro2 1.0.2 (registry+https://github.com/rust-lang/crates.io-index)",
 "quote 1.0.2 (registry+https://github.com/rust-lang/crates.io-index)",
 "unicode-xid 0.2.0 (registry+https://github.com/rust-lang/crates.io-index)",
]

[[package]]
name = "termcolor"
version = "1.0.5"
source = "registry+https://github.com/rust-lang/crates.io-index"
dependencies = [
 "wincolor 1.0.2 (registry+https://github.com/rust-lang/crates.io-index)",
]

[[package]]
name = "thread_local"
version = "0.3.6"
source = "registry+https://github.com/rust-lang/crates.io-index"
dependencies = [
 "lazy_static 1.4.0 (registry+https://github.com/rust-lang/crates.io-index)",
]

[[package]]
name = "unicode-xid"
version = "0.2.0"
source = "registry+https://github.com/rust-lang/crates.io-index"

[[package]]
name = "untrusted"
version = "0.6.2"
source = "registry+https://github.com/rust-lang/crates.io-index"

[[package]]
name = "void"
version = "1.0.2"
source = "registry+https://github.com/rust-lang/crates.io-index"

[[package]]
name = "webpki"
version = "0.19.1"
source = "registry+https://github.com/rust-lang/crates.io-index"
dependencies = [
 "ring 0.14.6 (registry+https://github.com/rust-lang/crates.io-index)",
 "untrusted 0.6.2 (registry+https://github.com/rust-lang/crates.io-index)",
]

[[package]]
name = "webpki-roots"
version = "0.16.0"
source = "registry+https://github.com/rust-lang/crates.io-index"
dependencies = [
 "untrusted 0.6.2 (registry+https://github.com/rust-lang/crates.io-index)",
 "webpki 0.19.1 (registry+https://github.com/rust-lang/crates.io-index)",
]

[[package]]
name = "winapi"
version = "0.3.8"
source = "registry+https://github.com/rust-lang/crates.io-index"
dependencies = [
 "winapi-i686-pc-windows-gnu 0.4.0 (registry+https://github.com/rust-lang/crates.io-index)",
 "winapi-x86_64-pc-windows-gnu 0.4.0 (registry+https://github.com/rust-lang/crates.io-index)",
]

[[package]]
name = "winapi-i686-pc-windows-gnu"
version = "0.4.0"
source = "registry+https://github.com/rust-lang/crates.io-index"

[[package]]
name = "winapi-util"
version = "0.1.2"
source = "registry+https://github.com/rust-lang/crates.io-index"
dependencies = [
 "winapi 0.3.8 (registry+https://github.com/rust-lang/crates.io-index)",
]

[[package]]
name = "winapi-x86_64-pc-windows-gnu"
version = "0.4.0"
source = "registry+https://github.com/rust-lang/crates.io-index"

[[package]]
name = "wincolor"
version = "1.0.2"
source = "registry+https://github.com/rust-lang/crates.io-index"
dependencies = [
 "winapi 0.3.8 (registry+https://github.com/rust-lang/crates.io-index)",
 "winapi-util 0.1.2 (registry+https://github.com/rust-lang/crates.io-index)",
]

[metadata]
"checksum aho-corasick 0.7.6 (registry+https://github.com/rust-lang/crates.io-index)" = "58fb5e95d83b38284460a5fda7d6470aa0b8844d283a0b614b8535e880800d2d"
"checksum atty 0.2.13 (registry+https://github.com/rust-lang/crates.io-index)" = "1803c647a3ec87095e7ae7acfca019e98de5ec9a7d01343f611cf3152ed71a90"
"checksum base64 0.10.1 (registry+https://github.com/rust-lang/crates.io-index)" = "0b25d992356d2eb0ed82172f5248873db5560c4721f564b13cb5193bda5e668e"
"checksum bitflags 1.1.0 (registry+https://github.com/rust-lang/crates.io-index)" = "3d155346769a6855b86399e9bc3814ab343cd3d62c7e985113d46a0ec3c281fd"
"checksum byteorder 1.3.2 (registry+https://github.com/rust-lang/crates.io-index)" = "a7c3dd8985a7111efc5c80b44e23ecdd8c007de8ade3b96595387e812b957cf5"
"checksum cc 1.0.41 (registry+https://github.com/rust-lang/crates.io-index)" = "8dae9c4b8fedcae85592ba623c4fd08cfdab3e3b72d6df780c6ead964a69bfff"
"checksum cfg-if 0.1.9 (registry+https://github.com/rust-lang/crates.io-index)" = "b486ce3ccf7ffd79fdeb678eac06a9e6c09fc88d33836340becb8fffe87c5e33"
"checksum ctrlc 3.1.3 (registry+https://github.com/rust-lang/crates.io-index)" = "c7dfd2d8b4c82121dfdff120f818e09fc4380b0b7e17a742081a89b94853e87f"
"checksum env_logger 0.6.2 (registry+https://github.com/rust-lang/crates.io-index)" = "aafcde04e90a5226a6443b7aabdb016ba2f8307c847d524724bd9b346dd1a2d3"
"checksum fen 0.1.0 (registry+https://github.com/rust-lang/crates.io-index)" = "56cb092763bde57dca1a598309e8154840a549ef0e7ea300d0899740af5cb9c2"
"checksum humantime 1.2.0 (registry+https://github.com/rust-lang/crates.io-index)" = "3ca7e5f2e110db35f93b837c81797f3714500b81d517bf20c431b16d3ca4f114"
"checksum itoa 0.4.4 (registry+https://github.com/rust-lang/crates.io-index)" = "501266b7edd0174f8530248f87f99c88fbe60ca4ef3dd486835b8d8d53136f7f"
"checksum lazy_static 1.4.0 (registry+https://github.com/rust-lang/crates.io-index)" = "e2abad23fbc42b3700f2f279844dc832adb2b2eb069b2df918f455c4e18cc646"
"checksum libc 0.2.62 (registry+https://github.com/rust-lang/crates.io-index)" = "34fcd2c08d2f832f376f4173a231990fa5aef4e99fb569867318a227ef4c06ba"
"checksum log 0.4.8 (registry+https://github.com/rust-lang/crates.io-index)" = "14b6052be84e6b71ab17edffc2eeabf5c2c3ae1fdb464aae35ac50c67a44e1f7"
"checksum memchr 2.2.1 (registry+https://github.com/rust-lang/crates.io-index)" = "88579771288728879b57485cc7d6b07d648c9f0141eb955f8ab7f9d45394468e"
"checksum minreq 1.4.0 (registry+https://github.com/rust-lang/crates.io-index)" = "07daafbb6e57104630fc01998b2d22174f7b068c5dd465afdb8587fdca7a935f"
"checksum nix 0.14.1 (registry+https://github.com/rust-lang/crates.io-index)" = "6c722bee1037d430d0f8e687bbdbf222f27cc6e4e68d5caf630857bb2b6dbdce"
"checksum proc-macro2 1.0.2 (registry+https://github.com/rust-lang/crates.io-index)" = "175a40b9cf564ce9bf050654633dbf339978706b8ead1a907bb970b63185dd95"
"checksum quick-error 1.2.2 (registry+https://github.com/rust-lang/crates.io-index)" = "9274b940887ce9addde99c4eee6b5c44cc494b182b97e73dc8ffdcb3397fd3f0"
"checksum quote 1.0.2 (registry+https://github.com/rust-lang/crates.io-index)" = "053a8c8bcc71fcce321828dc897a98ab9760bef03a4fc36693c231e5b3216cfe"
"checksum regex 1.2.1 (registry+https://github.com/rust-lang/crates.io-index)" = "88c3d9193984285d544df4a30c23a4e62ead42edf70a4452ceb76dac1ce05c26"
"checksum regex-syntax 0.6.11 (registry+https://github.com/rust-lang/crates.io-index)" = "b143cceb2ca5e56d5671988ef8b15615733e7ee16cd348e064333b251b89343f"
"checksum ring 0.14.6 (registry+https://github.com/rust-lang/crates.io-index)" = "426bc186e3e95cac1e4a4be125a4aca7e84c2d616ffc02244eef36e2a60a093c"
"checksum rustls 0.15.2 (registry+https://github.com/rust-lang/crates.io-index)" = "f271e3552cd835fa28c541c34a7e8fdd8cdff09d77fe4eb8f6c42e87a11b096e"
"checksum ryu 1.0.0 (registry+https://github.com/rust-lang/crates.io-index)" = "c92464b447c0ee8c4fb3824ecc8383b81717b9f1e74ba2e72540aef7b9f82997"
"checksum sct 0.5.0 (registry+https://github.com/rust-lang/crates.io-index)" = "2f5adf8fbd58e1b1b52699dc8bed2630faecb6d8c7bee77d009d6bbe4af569b9"
"checksum serde 1.0.99 (registry+https://github.com/rust-lang/crates.io-index)" = "fec2851eb56d010dc9a21b89ca53ee75e6528bab60c11e89d38390904982da9f"
"checksum serde_derive 1.0.99 (registry+https://github.com/rust-lang/crates.io-index)" = "cb4dc18c61206b08dc98216c98faa0232f4337e1e1b8574551d5bad29ea1b425"
"checksum serde_json 1.0.40 (registry+https://github.com/rust-lang/crates.io-index)" = "051c49229f282f7c6f3813f8286cc1e3323e8051823fce42c7ea80fe13521704"
"checksum spin 0.5.2 (registry+https://github.com/rust-lang/crates.io-index)" = "6e63cff320ae2c57904679ba7cb63280a3dc4613885beafb148ee7bf9aa9042d"
"checksum syn 1.0.5 (registry+https://github.com/rust-lang/crates.io-index)" = "66850e97125af79138385e9b88339cbcd037e3f28ceab8c5ad98e64f0f1f80bf"
"checksum termcolor 1.0.5 (registry+https://github.com/rust-lang/crates.io-index)" = "96d6098003bde162e4277c70665bd87c326f5a0c3f3fbfb285787fa482d54e6e"
"checksum thread_local 0.3.6 (registry+https://github.com/rust-lang/crates.io-index)" = "c6b53e329000edc2b34dbe8545fd20e55a333362d0a321909685a19bd28c3f1b"
"checksum unicode-xid 0.2.0 (registry+https://github.com/rust-lang/crates.io-index)" = "826e7639553986605ec5979c7dd957c7895e93eabed50ab2ffa7f6128a75097c"
"checksum untrusted 0.6.2 (registry+https://github.com/rust-lang/crates.io-index)" = "55cd1f4b4e96b46aeb8d4855db4a7a9bd96eeeb5c6a1ab54593328761642ce2f"
"checksum void 1.0.2 (registry+https://github.com/rust-lang/crates.io-index)" = "6a02e4885ed3bc0f2de90ea6dd45ebcbb66dacffe03547fadbb0eeae2770887d"
"checksum webpki 0.19.1 (registry+https://github.com/rust-lang/crates.io-index)" = "4f7e1cd7900a3a6b65a3e8780c51a3e6b59c0e2c55c6dc69578c288d69f7d082"
"checksum webpki-roots 0.16.0 (registry+https://github.com/rust-lang/crates.io-index)" = "c10fa4212003ba19a564f25cd8ab572c6791f99a03cc219c13ed35ccab00de0e"
"checksum winapi 0.3.8 (registry+https://github.com/rust-lang/crates.io-index)" = "8093091eeb260906a183e6ae1abdba2ef5ef2257a21801128899c3fc699229c6"
"checksum winapi-i686-pc-windows-gnu 0.4.0 (registry+https://github.com/rust-lang/crates.io-index)" = "ac3b87c63620426dd9b991e5ce0329eff545bccbbb34f3be09ff6fb6ab51b7b6"
"checksum winapi-util 0.1.2 (registry+https://github.com/rust-lang/crates.io-index)" = "7168bab6e1daee33b4557efd0e95d5ca70a03706d39fa5f3fe7a236f584b03c9"
"checksum winapi-x86_64-pc-windows-gnu 0.4.0 (registry+https://github.com/rust-lang/crates.io-index)" = "712e227841d057c1ee1cd2fb22fa7e5a5461ae8e48fa2ca79ec42cfc1931183f"
"checksum wincolor 1.0.2 (registry+https://github.com/rust-lang/crates.io-index)" = "96f5016b18804d24db43cebf3c77269e7569b8954a8464501c216cc5e070eaa9"
